
Microsoft Visual Studio Solution File, Format Version 12.00
# Visual Studio 15
VisualStudioVersion = 15.0.27130.2010
MinimumVisualStudioVersion = 10.0.40219.1
Project("{FAE04EC0-301F-11D3-BF4B-00C04F79EFBC}") = "AnalyzeVideos", "AnalyzeVideos\AnalyzeVideos.csproj", "{0D918BCE-D418-4789-8177-C654591CFA2A}"
EndProject
Project("{FAE04EC0-301F-11D3-BF4B-00C04F79EFBC}") = "UploadEncodeAndStreamFiles", "UploadEncodeAndStreamFiles\UploadEncodeAndStreamFiles.csproj", "{A2A96B40-CCD9-4F72-82B2-DDF3C2DC9924}"
EndProject
Global
	GlobalSection(SolutionConfigurationPlatforms) = preSolution
		Debug|Any CPU = Debug|Any CPU
		Release|Any CPU = Release|Any CPU
	EndGlobalSection
	GlobalSection(ProjectConfigurationPlatforms) = postSolution
		{0D918BCE-D418-4789-8177-C654591CFA2A}.Debug|Any CPU.ActiveCfg = Debug|Any CPU
		{0D918BCE-D418-4789-8177-C654591CFA2A}.Debug|Any CPU.Build.0 = Debug|Any CPU
		{0D918BCE-D418-4789-8177-C654591CFA2A}.Release|Any CPU.ActiveCfg = Release|Any CPU
		{0D918BCE-D418-4789-8177-C654591CFA2A}.Release|Any CPU.Build.0 = Release|Any CPU
		{A2A96B40-CCD9-4F72-82B2-DDF3C2DC9924}.Debug|Any CPU.ActiveCfg = Debug|Any CPU
		{A2A96B40-CCD9-4F72-82B2-DDF3C2DC9924}.Debug|Any CPU.Build.0 = Debug|Any CPU
		{A2A96B40-CCD9-4F72-82B2-DDF3C2DC9924}.Release|Any CPU.ActiveCfg = Release|Any CPU
		{A2A96B40-CCD9-4F72-82B2-DDF3C2DC9924}.Release|Any CPU.Build.0 = Release|Any CPU
	EndGlobalSection
	GlobalSection(SolutionProperties) = preSolution
		HideSolutionNode = FALSE
	EndGlobalSection
	GlobalSection(ExtensibilityGlobals) = postSolution
		SolutionGuid = {6BF1B4D8-BF86-4387-BD18-4760121795AD}
	EndGlobalSection
EndGlobal
